
Microsoft Visual Studio Solution File, Format Version 12.00
# Visual Studio Version 17
VisualStudioVersion = 17.3.32825.248
MinimumVisualStudioVersion = 10.0.40219.1
Project("{9A19103F-16F7-4668-BE54-9A1E7A4F7556}") = "TelefonRehberi", "TelefonRehberi\TelefonRehberi.csproj", "{9CAFD16E-BC6F-4CD6-BCC6-16DC554319C0}"
EndProject
Project("{9A19103F-16F7-4668-BE54-9A1E7A4F7556}") = "Web.SeleniumTest.TelefonRehberi", "test\Web.SeleniumTest.TelefonRehberi.csproj", "{682411A6-264A-4306-9BF4-F510329EED4E}"
EndProject
Global
	GlobalSection(SolutionConfigurationPlatforms) = preSolution
		Debug|Any CPU = Debug|Any CPU
		Release|Any CPU = Release|Any CPU
	EndGlobalSection
	GlobalSection(ProjectConfigurationPlatforms) = postSolution
		{9CAFD16E-BC6F-4CD6-BCC6-16DC554319C0}.Debug|Any CPU.ActiveCfg = Debug|Any CPU
		{9CAFD16E-BC6F-4CD6-BCC6-16DC554319C0}.Debug|Any CPU.Build.0 = Debug|Any CPU
		{9CAFD16E-BC6F-4CD6-BCC6-16DC554319C0}.Release|Any CPU.ActiveCfg = Release|Any CPU
		{9CAFD16E-BC6F-4CD6-BCC6-16DC554319C0}.Release|Any CPU.Build.0 = Release|Any CPU
		{682411A6-264A-4306-9BF4-F510329EED4E}.Debug|Any CPU.ActiveCfg = Debug|Any CPU
		{682411A6-264A-4306-9BF4-F510329EED4E}.Debug|Any CPU.Build.0 = Debug|Any CPU
		{682411A6-264A-4306-9BF4-F510329EED4E}.Release|Any CPU.ActiveCfg = Release|Any CPU
		{682411A6-264A-4306-9BF4-F510329EED4E}.Release|Any CPU.Build.0 = Release|Any CPU
	EndGlobalSection
	GlobalSection(SolutionProperties) = preSolution
		HideSolutionNode = FALSE
	EndGlobalSection
	GlobalSection(ExtensibilityGlobals) = postSolution
		SolutionGuid = {6F414F54-E9D2-4C99-853D-3DF7AFF5AA04}
	EndGlobalSection
EndGlobal
